<?xml version="1.0" encoding="utf-8"?>
<Project ToolsVersion="4.0" xmlns="http://schemas.microsoft.com/developer/msbuild/2003">
  <ItemGroup>
    <Filter Include="Application">
      <UniqueIdentifier>{5cc144ab-8d73-4241-83eb-eda3e58fd7e4}</UniqueIdentifier>
    </Filter>
    <Filter Include="Globals">
      <UniqueIdentifier>{1161c7c0-137c-4f19-ab74-a93238c77c71}</UniqueIdentifier>
    </Filter>
    <Filter Include="Environment">
      <UniqueIdentifier>{f500e83a-f30a-4c87-b10d-52355087d3fe}</UniqueIdentifier>
    </Filter>
    <Filter Include="Environment\Audio">
      <UniqueIdentifier>{c2fc6c6d-fc58-4a38-a04c-faeff694a439}</UniqueIdentifier>
    </Filter>
    <Filter Include="Environment\Memory">
      <UniqueIdentifier>{eebb6460-1287-4db0-9489-7db2b4bbcd0a}</UniqueIdentifier>
    </Filter>
    <Filter Include="Environment\Rendering">
      <UniqueIdentifier>{706f53c4-08d9-410f-8fc1-9abfd10cdbee}</UniqueIdentifier>
    </Filter>
    <Filter Include="Environment\Rendering\Shaders">
      <UniqueIdentifier>{5f074ffd-8a30-4776-bd38-4bbca7313109}</UniqueIdentifier>
    </Filter>
    <Filter Include="Environment\Rendering\Renderer">
      <UniqueIdentifier>{96377b70-1f8a-4e78-a6b6-4c01bdca06d0}</UniqueIdentifier>
    </Filter>
    <Filter Include="Environment\Scene">
      <UniqueIdentifier>{f99806c0-ad0a-4be7-9633-8e3c4843a7a5}</UniqueIdentifier>
    </Filter>
    <Filter Include="Environment\Physics">
      <UniqueIdentifier>{a5a8be92-9283-40eb-b527-f5af4f3658f7}</UniqueIdentifier>
    </Filter>
    <Filter Include="Environment\Manager">
      <UniqueIdentifier>{622967f1-4b53-45e3-bd8e-9de4acf8cdf5}</UniqueIdentifier>
    </Filter>
    <Filter Include="Environment\Scene\Manager">
      <UniqueIdentifier>{b697fc9a-571e-4b57-81dc-308a62ab23fe}</UniqueIdentifier>
    </Filter>
    <Filter Include="Environment\Physics\Manager">
      <UniqueIdentifier>{6aa80baa-23da-43b6-a35d-c8e1368ced93}</UniqueIdentifier>
    </Filter>
    <Filter Include="Environment\Physics\Collision">
      <UniqueIdentifier>{f2126942-9a11-48b2-bd62-329b9b3526c7}</UniqueIdentifier>
    </Filter>
    <Filter Include="Environment\Rendering\Shaders\Pixel">
      <UniqueIdentifier>{f110a768-79eb-414b-80f8-69c15f653424}</UniqueIdentifier>
    </Filter>
    <Filter Include="Environment\Rendering\Shaders\Vertex">
      <UniqueIdentifier>{ec2e0ff2-fdd0-4705-b332-ea540bca8e00}</UniqueIdentifier>
    </Filter>
    <Filter Include="Environment\Rendering\Debug">
      <UniqueIdentifier>{4c524b32-16b0-4914-a692-3cd3a8c18151}</UniqueIdentifier>
    </Filter>
    <Filter Include="Environment\Scene\Object">
      <UniqueIdentifier>{a949469f-77eb-485f-a954-b407f94f87d0}</UniqueIdentifier>
    </Filter>
    <Filter Include="Environment\Physics\Collision\Manager">
      <UniqueIdentifier>{8de48af1-c053-405a-bc26-22b98de72237}</UniqueIdentifier>
    </Filter>
    <Filter Include="Environment\Scene\Camera">
      <UniqueIdentifier>{8ab6d898-497e-4c62-bf0d-d39e3a939cec}</UniqueIdentifier>
    </Filter>
    <Filter Include="Game">
      <UniqueIdentifier>{69f23921-366e-4368-9038-ca2416937e37}</UniqueIdentifier>
    </Filter>
    <Filter Include="Game\Scripting">
      <UniqueIdentifier>{262e2646-921e-4f18-8ce8-8fb63b04c59b}</UniqueIdentifier>
    </Filter>
    <Filter Include="Game\Scripting\Manager">
      <UniqueIdentifier>{fd61d9f9-86ab-4a62-b4ff-29d275ac0ca0}</UniqueIdentifier>
    </Filter>
    <Filter Include="Game\Scripting\GameObject">
      <UniqueIdentifier>{95029cd5-3ad6-44f4-9aea-6e30de088613}</UniqueIdentifier>
    </Filter>
    <Filter Include="Game\Scripting\GameObject\Test">
      <UniqueIdentifier>{deb338a1-e6f5-4f31-9909-88600177392d}</UniqueIdentifier>
    </Filter>
    <Filter Include="Game\Scripting\GameObject\Player">
      <UniqueIdentifier>{799824f9-4d40-4069-a9e7-a62479b450c3}</UniqueIdentifier>
    </Filter>
    <Filter Include="Environment\Input">
      <UniqueIdentifier>{97093535-8501-42b3-a558-44b18acc5f12}</UniqueIdentifier>
    </Filter>
    <Filter Include="Environment\Input\Manager">
      <UniqueIdentifier>{6fc1a6bb-8b95-406a-ab0f-d4eed022c275}</UniqueIdentifier>
    </Filter>
    <Filter Include="Environment\Input\Controller">
      <UniqueIdentifier>{b3926534-50d1-4b5b-ae6e-492d9b850e66}</UniqueIdentifier>
    </Filter>
    <Filter Include="Environment\Input\Controller\Manager">
      <UniqueIdentifier>{5173ecdb-4c7a-46f9-9863-5ea1cdb4139b}</UniqueIdentifier>
    </Filter>
    <Filter Include="Game\Scripting\GameObject\MovingObject">
      <UniqueIdentifier>{fa28bc45-9f84-4232-925f-749263d93c74}</UniqueIdentifier>
    </Filter>
    <Filter Include="Globals\Rendering">
      <UniqueIdentifier>{3e412773-a761-4a8c-b4cf-6278a6fd5010}</UniqueIdentifier>
    </Filter>
    <Filter Include="Globals\Misc">
      <UniqueIdentifier>{b7bc81af-938c-4bef-bfde-2d48a3a1c901}</UniqueIdentifier>
    </Filter>
    <Filter Include="Game\Scenes">
      <UniqueIdentifier>{99f706ed-88ec-4974-ae4e-7d4cc44f1c23}</UniqueIdentifier>
    </Filter>
    <Filter Include="Game\Scenes\Test">
      <UniqueIdentifier>{177e5e3f-c86e-4446-8175-92ab26c300a4}</UniqueIdentifier>
    </Filter>
    <Filter Include="Globals\Movement">
      <UniqueIdentifier>{672b02a7-19e6-4bed-ba54-eebd120ddee5}</UniqueIdentifier>
    </Filter>
    <Filter Include="Globals\Movement\Transform">
      <UniqueIdentifier>{a9309e83-215e-4000-8b04-1bfd2be5e837}</UniqueIdentifier>
    </Filter>
    <Filter Include="Globals\Movement\Autonomy">
      <UniqueIdentifier>{2e8652b1-898d-40c4-bd57-ce4193b32032}</UniqueIdentifier>
    </Filter>
    <Filter Include="Globals\Math">
      <UniqueIdentifier>{b52233d6-985e-4a4c-8b9d-dd7f15c6743d}</UniqueIdentifier>
    </Filter>
    <Filter Include="Environment\Physics\Collision\BoundingBox">
      <UniqueIdentifier>{df3a748a-b032-4441-97f5-a7640c649d5b}</UniqueIdentifier>
    </Filter>
    <Filter Include="Application\Initialization &amp; Events">
      <UniqueIdentifier>{a091c51a-ee2a-4291-b2f6-53bca9a2689d}</UniqueIdentifier>
    </Filter>
    <Filter Include="Application\Initialization &amp; Events\Window">
      <UniqueIdentifier>{0fe76f8e-5a31-4fcd-b4ec-7b4d9d0dc69c}</UniqueIdentifier>
    </Filter>
    <Filter Include="Environment\Physics\Collision\SpatialPartitioning">
      <UniqueIdentifier>{b560505b-da2f-473b-a50b-70d237617da1}</UniqueIdentifier>
    </Filter>
    <Filter Include="Environment\Physics\Collision\SpatialPartitioning\Manager">
      <UniqueIdentifier>{e8360d65-032b-43f3-a6c7-8eea73844400}</UniqueIdentifier>
    </Filter>
    <Filter Include="Environment\Physics\Collision\SpatialPartitioning\Physical">
      <UniqueIdentifier>{b55ed7bb-4674-4cd9-ab1b-ffbae62e4605}</UniqueIdentifier>
    </Filter>
    <Filter Include="Environment\Physics\Collision\SpatialPartitioning\Physical\Cell">
      <UniqueIdentifier>{2176a6e2-f675-4651-8768-d9d2c56dc72c}</UniqueIdentifier>
    </Filter>
    <Filter Include="Environment\Physics\Collision\SpatialPartitioning\Physical\Grid">
      <UniqueIdentifier>{2d3b03d2-0f43-410f-ac7a-cea8a15f4b51}</UniqueIdentifier>
    </Filter>
    <Filter Include="Environment\Physics\Collision\SpatialPartitioning\Seperation">
      <UniqueIdentifier>{05767df9-c1d3-494c-bc37-8e6fdecb34e0}</UniqueIdentifier>
    </Filter>
    <Filter Include="Globals\AssistingVariables">
      <UniqueIdentifier>{48dd2313-b36d-44e6-a057-a11480d7c7ee}</UniqueIdentifier>
    </Filter>
    <Filter Include="Environment\Events">
      <UniqueIdentifier>{c791c55a-fadb-4a41-ae89-28fb783b8cf4}</UniqueIdentifier>
    </Filter>
    <Filter Include="Environment\Scene\Graph">
      <UniqueIdentifier>{ece381c0-9294-4ba4-b8f5-76dc8c9e5637}</UniqueIdentifier>
    </Filter>
    <Filter Include="Environment\Scene\Object\SceneObject">
      <UniqueIdentifier>{233f3a30-8ce2-45a8-8a16-835583b0124e}</UniqueIdentifier>
    </Filter>
    <Filter Include="Environment\Scene\Object\PhysicalObject">
      <UniqueIdentifier>{7b52166b-9b34-482a-800e-b28be8115c8c}</UniqueIdentifier>
    </Filter>
    <Filter Include="Environment\Scene\Object\PhysicalObject\Transform">
      <UniqueIdentifier>{6baef527-b5a3-4934-8b9e-bbb70d654728}</UniqueIdentifier>
    </Filter>
    <Filter Include="Environment\Scene\Object\PhysicalObject\Render">
      <UniqueIdentifier>{a04f61ff-1b32-4d3b-80a0-b4c58282b3a5}</UniqueIdentifier>
    </Filter>
    <Filter Include="Environment\Scene\Object\PhysicalObject\Render\Mesh">
      <UniqueIdentifier>{847561fd-312f-4e0e-a1e8-f680006554f7}</UniqueIdentifier>
    </Filter>
    <Filter Include="Environment\Scene\Object\PhysicalObject\Render\Shapes">
      <UniqueIdentifier>{4b13d81f-26dc-42ca-a7a7-480e2fa6e1ac}</UniqueIdentifier>
    </Filter>
    <Filter Include="Environment\Scene\Object\PhysicalObject\Render\Shapes\Cube">
      <UniqueIdentifier>{5af4eff3-a0a9-44f9-b178-fde220769452}</UniqueIdentifier>
    </Filter>
    <Filter Include="Environment\Scene\Object\PhysicalObject\Render\Shapes\Pyramid">
      <UniqueIdentifier>{bf7a76c5-ca5c-4324-8710-5ad5cb5914f9}</UniqueIdentifier>
    </Filter>
    <Filter Include="Environment\Scene\Object\PhysicalObject\Render\Shapes\Sphere">
      <UniqueIdentifier>{dd9a0b6c-25c7-4767-9fcc-22ae2d5fcd47}</UniqueIdentifier>
    </Filter>
    <Filter Include="Environment\Scene\Object\PhysicalObject\Render\Shapes\Grid">
      <UniqueIdentifier>{e14757a9-bde9-48de-8c18-0cae91b6e2c5}</UniqueIdentifier>
    </Filter>
    <Filter Include="Environment\Scene\Object\PhysicalObject\Manager">
      <UniqueIdentifier>{433a438c-9466-484f-a345-a20e7c733ef5}</UniqueIdentifier>
    </Filter>
    <Filter Include="Environment\Scene\Object\PhysicalObject\Collider">
      <UniqueIdentifier>{43d46425-fcc9-4a4b-8535-d40d6a8d1195}</UniqueIdentifier>
    </Filter>
    <Filter Include="Environment\Scene\Object\PhysicalObject\Collider\Manager">
      <UniqueIdentifier>{ba5322c4-b732-4102-ac8f-49737eb054a1}</UniqueIdentifier>
    </Filter>
    <Filter Include="Environment\Scene\Object\PhysicalObject\Collider\BoundingBox">
      <UniqueIdentifier>{b5c01800-34c1-427e-bea6-a0683e556d9f}</UniqueIdentifier>
    </Filter>
    <Filter Include="Environment\Scene\Object\PhysicalObject\Render\Shapes\Lines">
      <UniqueIdentifier>{9c39dc72-8f69-493f-ac30-5f1c2e3af048}</UniqueIdentifier>
    </Filter>
    <Filter Include="Environment\Scene\Object\PhysicalObject\Render\Shapes\Lines\LineBase">
      <UniqueIdentifier>{1bc47020-4177-4a67-94d3-9ba12caee854}</UniqueIdentifier>
    </Filter>
    <Filter Include="Environment\Scene\Object\PhysicalObject\Render\Shapes\Lines\BulletTrail">
      <UniqueIdentifier>{2a02df5e-4930-4d65-b0af-e6079abd63a0}</UniqueIdentifier>
    </Filter>
  </ItemGroup>
  <ItemGroup>
    <ClCompile Include="Camera.cpp">
      <Filter>Environment\Scene\Camera</Filter>
    </ClCompile>
    <ClCompile Include="Renderer.cpp">
      <Filter>Environment\Rendering\Renderer</Filter>
    </ClCompile>
    <ClCompile Include="WindowCreator.cpp">
      <Filter>Application\Initialization &amp; Events\Window</Filter>
    </ClCompile>
    <ClCompile Include="EnvironmentManager.cpp">
      <Filter>Environment\Manager</Filter>
    </ClCompile>
    <ClCompile Include="AudioManager.cpp">
      <Filter>Environment\Audio</Filter>
    </ClCompile>
    <ClCompile Include="SceneManager.cpp">
      <Filter>Environment\Scene\Manager</Filter>
    </ClCompile>
    <ClCompile Include="PhysicsManager.cpp">
      <Filter>Environment\Physics\Manager</Filter>
    </ClCompile>
    <ClCompile Include="LineRenderer.cpp">
      <Filter>Environment\Rendering\Debug</Filter>
    </ClCompile>
    <ClCompile Include="Cube.cpp">
      <Filter>Environment\Scene\Object\PhysicalObject\Render\Shapes\Cube</Filter>
    </ClCompile>
    <ClCompile Include="Pyramid.cpp">
      <Filter>Environment\Scene\Object\PhysicalObject\Render\Shapes\Pyramid</Filter>
    </ClCompile>
    <ClCompile Include="Sphere.cpp">
      <Filter>Environment\Scene\Object\PhysicalObject\Render\Shapes\Sphere</Filter>
    </ClCompile>
    <ClCompile Include="ObjectManager.cpp">
      <Filter>Environment\Scene\Object\PhysicalObject\Manager</Filter>
    </ClCompile>
    <ClCompile Include="CollisionManager.cpp">
      <Filter>Environment\Physics\Collision\Manager</Filter>
    </ClCompile>
    <ClCompile Include="SceneGraph.cpp">
      <Filter>Environment\Scene\Graph</Filter>
    </ClCompile>
    <ClCompile Include="Test.cpp">
      <Filter>Game\Scripting\GameObject\Test</Filter>
    </ClCompile>
    <ClCompile Include="PlayerManager.cpp">
      <Filter>Game\Scripting\GameObject\Player</Filter>
    </ClCompile>
    <ClCompile Include="TestScene.cpp">
      <Filter>Game\Scenes\Test</Filter>
    </ClCompile>
    <ClCompile Include="InputManager.cpp">
      <Filter>Environment\Input\Manager</Filter>
    </ClCompile>
    <ClCompile Include="ControllerManager.cpp">
      <Filter>Environment\Input\Controller\Manager</Filter>
    </ClCompile>
    <ClCompile Include="EntryEventLoop.cpp">
      <Filter>Application\Initialization &amp; Events</Filter>
    </ClCompile>
    <ClCompile Include="GlobalTransform.cpp">
      <Filter>Globals\Movement\Transform</Filter>
    </ClCompile>
    <ClCompile Include="BoundingBox.cpp">
      <Filter>Environment\Scene\Object\PhysicalObject\Collider\BoundingBox</Filter>
    </ClCompile>
    <ClCompile Include="Grid.cpp">
      <Filter>Environment\Scene\Object\PhysicalObject\Render\Shapes\Grid</Filter>
    </ClCompile>
    <ClCompile Include="GlobalAutonomy.cpp">
      <Filter>Globals\Movement\Autonomy</Filter>
    </ClCompile>
    <ClCompile Include="GlobalMath.cpp">
      <Filter>Globals\Math</Filter>
    </ClCompile>
    <ClCompile Include="BoundingBoxCollision.cpp">
      <Filter>Environment\Physics\Collision\BoundingBox</Filter>
    </ClCompile>
    <ClCompile Include="PartitioningManager.cpp">
      <Filter>Environment\Physics\Collision\SpatialPartitioning\Manager</Filter>
    </ClCompile>
    <ClCompile Include="PartitionCell.cpp">
      <Filter>Environment\Physics\Collision\SpatialPartitioning\Physical\Cell</Filter>
    </ClCompile>
    <ClCompile Include="PartitionGrid.cpp">
      <Filter>Environment\Physics\Collision\SpatialPartitioning\Physical\Grid</Filter>
    </ClCompile>
    <ClCompile Include="Partitioner.cpp">
      <Filter>Environment\Physics\Collision\SpatialPartitioning\Seperation</Filter>
    </ClCompile>
    <ClCompile Include="EventHandler.cpp">
      <Filter>Environment\Events</Filter>
    </ClCompile>
    <ClCompile Include="SceneObject.cpp">
      <Filter>Environment\Scene\Object\SceneObject</Filter>
    </ClCompile>
    <ClCompile Include="Line.cpp">
      <Filter>Environment\Scene\Object\PhysicalObject\Render\Shapes\Lines\LineBase</Filter>
    </ClCompile>
    <ClCompile Include="BulletTrail.cpp">
      <Filter>Environment\Scene\Object\PhysicalObject\Render\Shapes\Lines\BulletTrail</Filter>
    </ClCompile>
  </ItemGroup>
  <ItemGroup>
    <ClInclude Include="Camera.h">
      <Filter>Environment\Scene\Camera</Filter>
    </ClInclude>
    <ClInclude Include="Renderer.h">
      <Filter>Environment\Rendering\Renderer</Filter>
    </ClInclude>
    <ClInclude Include="Mesh.h">
      <Filter>Environment\Scene\Object\PhysicalObject\Render\Mesh</Filter>
    </ClInclude>
    <ClInclude Include="WindowCreator.h">
      <Filter>Application\Initialization &amp; Events\Window</Filter>
    </ClInclude>
    <ClInclude Include="EnvironmentManager.h">
      <Filter>Environment\Manager</Filter>
    </ClInclude>
    <ClInclude Include="AudioManager.h">
      <Filter>Environment\Audio</Filter>
    </ClInclude>
    <ClInclude Include="SceneManager.h">
      <Filter>Environment\Scene\Manager</Filter>
    </ClInclude>
    <ClInclude Include="PhysicsManager.h">
      <Filter>Environment\Physics\Manager</Filter>
    </ClInclude>
    <ClInclude Include="LineRenderer.h">
      <Filter>Environment\Rendering\Debug</Filter>
    </ClInclude>
    <ClInclude Include="MeshLoader.h">
      <Filter>Environment\Scene\Object\PhysicalObject\Render\Mesh</Filter>
    </ClInclude>
    <ClInclude Include="Cube.h">
      <Filter>Environment\Scene\Object\PhysicalObject\Render\Shapes\Cube</Filter>
    </ClInclude>
    <ClInclude Include="Pyramid.h">
      <Filter>Environment\Scene\Object\PhysicalObject\Render\Shapes\Pyramid</Filter>
    </ClInclude>
    <ClInclude Include="Sphere.h">
      <Filter>Environment\Scene\Object\PhysicalObject\Render\Shapes\Sphere</Filter>
    </ClInclude>
    <ClInclude Include="Transform.h">
      <Filter>Environment\Scene\Object\PhysicalObject\Transform</Filter>
    </ClInclude>
    <ClInclude Include="ObjectManager.h">
      <Filter>Environment\Scene\Object\PhysicalObject\Manager</Filter>
    </ClInclude>
    <ClInclude Include="CollisionManager.h">
      <Filter>Environment\Physics\Collision\Manager</Filter>
    </ClInclude>
    <ClInclude Include="SceneGraph.h">
      <Filter>Environment\Scene\Graph</Filter>
    </ClInclude>
    <ClInclude Include="ScriptManager.h">
      <Filter>Game\Scripting\Manager</Filter>
    </ClInclude>
    <ClInclude Include="Test.h">
      <Filter>Game\Scripting\GameObject\Test</Filter>
    </ClInclude>
    <ClInclude Include="PlayerManager.h">
      <Filter>Game\Scripting\GameObject\Player</Filter>
    </ClInclude>
    <ClInclude Include="TestScene.h">
      <Filter>Game\Scenes\Test</Filter>
    </ClInclude>
    <ClInclude Include="InputManager.h">
      <Filter>Environment\Input\Manager</Filter>
    </ClInclude>
    <ClInclude Include="ControllerManager.h">
      <Filter>Environment\Input\Controller\Manager</Filter>
    </ClInclude>
    <ClInclude Include="GlobalTransform.h">
      <Filter>Globals\Movement\Transform</Filter>
    </ClInclude>
    <ClInclude Include="MovingObject.h">
      <Filter>Game\Scripting\GameObject\MovingObject</Filter>
    </ClInclude>
    <ClInclude Include="ColliderManager.h">
      <Filter>Environment\Scene\Object\PhysicalObject\Collider\Manager</Filter>
    </ClInclude>
    <ClInclude Include="BoundingBox.h">
      <Filter>Environment\Scene\Object\PhysicalObject\Collider\BoundingBox</Filter>
    </ClInclude>
    <ClInclude Include="GlobalRendererStructures.h">
      <Filter>Globals\Rendering</Filter>
    </ClInclude>
    <ClInclude Include="GlobalVramStructures.h">
      <Filter>Globals\Rendering</Filter>
    </ClInclude>
    <ClInclude Include="GlobalDirectX.h">
      <Filter>Globals\Misc</Filter>
    </ClInclude>
    <ClInclude Include="GlobalTime.h">
      <Filter>Globals\Misc</Filter>
    </ClInclude>
    <ClInclude Include="GlobalTypedefs.h">
      <Filter>Globals\Misc</Filter>
    </ClInclude>
    <ClInclude Include="GlobalThreading.h">
      <Filter>Globals\Misc</Filter>
    </ClInclude>
    <ClInclude Include="Grid.h">
      <Filter>Environment\Scene\Object\PhysicalObject\Render\Shapes\Grid</Filter>
    </ClInclude>
    <ClInclude Include="GlobalAutonomy.h">
      <Filter>Globals\Movement\Autonomy</Filter>
    </ClInclude>
    <ClInclude Include="GlobalMath.h">
      <Filter>Globals\Math</Filter>
    </ClInclude>
    <ClInclude Include="BoundingBoxCollision.h">
      <Filter>Environment\Physics\Collision\BoundingBox</Filter>
    </ClInclude>
    <ClInclude Include="PartitioningManager.h">
      <Filter>Environment\Physics\Collision\SpatialPartitioning\Manager</Filter>
    </ClInclude>
    <ClInclude Include="PartitionCell.h">
      <Filter>Environment\Physics\Collision\SpatialPartitioning\Physical\Cell</Filter>
    </ClInclude>
    <ClInclude Include="PartitionGrid.h">
      <Filter>Environment\Physics\Collision\SpatialPartitioning\Physical\Grid</Filter>
    </ClInclude>
    <ClInclude Include="Partitioner.h">
      <Filter>Environment\Physics\Collision\SpatialPartitioning\Seperation</Filter>
    </ClInclude>
    <ClInclude Include="GlobalInputVariables.h">
      <Filter>Globals\AssistingVariables</Filter>
    </ClInclude>
    <ClInclude Include="GlobalThreadVariables.h">
      <Filter>Globals\AssistingVariables</Filter>
    </ClInclude>
    <ClInclude Include="GlobalEventVariables.h">
      <Filter>Globals\AssistingVariables</Filter>
    </ClInclude>
    <ClInclude Include="EventHandler.h">
      <Filter>Environment\Events</Filter>
    </ClInclude>
    <ClInclude Include="SceneObject.h">
      <Filter>Environment\Scene\Object\SceneObject</Filter>
    </ClInclude>
    <ClInclude Include="GlobalWorldVariables.h">
      <Filter>Globals\Misc</Filter>
    </ClInclude>
    <ClInclude Include="GlobalConsoleWrite.h">
      <Filter>Globals\Misc</Filter>
    </ClInclude>
    <ClInclude Include="Line.h">
      <Filter>Environment\Scene\Object\PhysicalObject\Render\Shapes\Lines\LineBase</Filter>
    </ClInclude>
    <ClInclude Include="BulletTrail.h">
      <Filter>Environment\Scene\Object\PhysicalObject\Render\Shapes\Lines\BulletTrail</Filter>
    </ClInclude>
  </ItemGroup>
  <ItemGroup>
    <FxCompile Include="BasicPixelShader.hlsl">
      <Filter>Environment\Rendering\Shaders\Pixel</Filter>
    </FxCompile>
    <FxCompile Include="BasicVertexShader.hlsl">
      <Filter>Environment\Rendering\Shaders\Vertex</Filter>
    </FxCompile>
  </ItemGroup>
</Project>