<?xml version="1.0" encoding="utf-8"?>
<Project ToolsVersion="4.0" xmlns="http://schemas.microsoft.com/developer/msbuild/2003">
  <ItemGroup>
    <Filter Include="Shaders">
      <UniqueIdentifier>{5f074ffd-8a30-4776-bd38-4bbca7313109}</UniqueIdentifier>
    </Filter>
    <Filter Include="Globals">
      <UniqueIdentifier>{1161c7c0-137c-4f19-ab74-a93238c77c71}</UniqueIdentifier>
    </Filter>
    <Filter Include="Shapes">
      <UniqueIdentifier>{847561fd-312f-4e0e-a1e8-f680006554f7}</UniqueIdentifier>
    </Filter>
    <Filter Include="Engine Modules">
      <UniqueIdentifier>{fd6d816e-c42a-494a-aabd-84a055829a74}</UniqueIdentifier>
    </Filter>
    <Filter Include="Engine Modules\Physics">
      <UniqueIdentifier>{be81b75a-3fa0-4a0d-9466-5ce74b199a1b}</UniqueIdentifier>
    </Filter>
    <Filter Include="Object Modules">
      <UniqueIdentifier>{84094815-1f7c-4d0c-99e2-e292bc5742c6}</UniqueIdentifier>
    </Filter>
    <Filter Include="Agent Modules">
      <UniqueIdentifier>{4982577d-f467-4c7e-b7c7-78ba99c549f9}</UniqueIdentifier>
    </Filter>
    <Filter Include="Managers">
      <UniqueIdentifier>{c6efe496-58b1-45b1-9218-b308ae4df4d1}</UniqueIdentifier>
    </Filter>
    <Filter Include="Camera">
      <UniqueIdentifier>{8ab6d898-497e-4c62-bf0d-d39e3a939cec}</UniqueIdentifier>
    </Filter>
    <Filter Include="Engine Modules\Audio">
      <UniqueIdentifier>{9e484f12-5048-4d95-a11b-3b3acf9abbb3}</UniqueIdentifier>
    </Filter>
    <Filter Include="Engine Modules\Renderer">
      <UniqueIdentifier>{96377b70-1f8a-4e78-a6b6-4c01bdca06d0}</UniqueIdentifier>
    </Filter>
    <Filter Include="State Machines">
      <UniqueIdentifier>{537b3f8c-4d45-428b-897f-dee513ad385f}</UniqueIdentifier>
    </Filter>
    <Filter Include="Templates">
      <UniqueIdentifier>{3527f716-c88f-41a4-bfa7-e07604306a7c}</UniqueIdentifier>
    </Filter>
    <Filter Include="Player">
      <UniqueIdentifier>{e181bfd2-1187-4ca0-aad6-0a63ae5e00a4}</UniqueIdentifier>
    </Filter>
    <Filter Include="Main">
      <UniqueIdentifier>{4FC737F1-C7A5-4376-A066-2A32D752A2FF}</UniqueIdentifier>
      <Extensions>cpp;c;cc;cxx;def;odl;idl;hpj;bat;asm;asmx</Extensions>
    </Filter>
    <Filter Include="Scene">
      <UniqueIdentifier>{452a062f-e7c3-4f19-b95d-ad32ca579adf}</UniqueIdentifier>
    </Filter>
  </ItemGroup>
  <ItemGroup>
    <ClCompile Include="Main.cpp">
      <Filter>Main</Filter>
    </ClCompile>
    <ClCompile Include="Camera.cpp">
      <Filter>Camera</Filter>
    </ClCompile>
    <ClCompile Include="PhysicsMain.cpp">
      <Filter>Engine Modules\Physics</Filter>
    </ClCompile>
    <ClCompile Include="Audio.cpp">
      <Filter>Engine Modules\Audio</Filter>
    </ClCompile>
    <ClCompile Include="Renderer.cpp">
      <Filter>Engine Modules\Renderer</Filter>
    </ClCompile>
    <ClCompile Include="GameManager.cpp">
      <Filter>Managers</Filter>
    </ClCompile>
    <ClCompile Include="InputManager.cpp">
      <Filter>Managers</Filter>
    </ClCompile>
    <ClCompile Include="CollidableObject.cpp">
      <Filter>Object Modules</Filter>
    </ClCompile>
    <ClCompile Include="ObjectTransform.cpp">
      <Filter>Object Modules</Filter>
    </ClCompile>
    <ClCompile Include="WorldObject.cpp">
      <Filter>Object Modules</Filter>
    </ClCompile>
    <ClCompile Include="Circle.cpp">
      <Filter>Shapes</Filter>
    </ClCompile>
    <ClCompile Include="Cube.cpp">
      <Filter>Shapes</Filter>
    </ClCompile>
    <ClCompile Include="Grid.cpp">
      <Filter>Shapes</Filter>
    </ClCompile>
    <ClCompile Include="Pyramid.cpp">
      <Filter>Shapes</Filter>
    </ClCompile>
    <ClCompile Include="Quad.cpp">
      <Filter>Shapes</Filter>
    </ClCompile>
    <ClCompile Include="Sphere.cpp">
      <Filter>Shapes</Filter>
    </ClCompile>
    <ClCompile Include="Triangle.cpp">
      <Filter>Shapes</Filter>
    </ClCompile>
    <ClCompile Include="Agent.cpp">
      <Filter>Agent Modules</Filter>
    </ClCompile>
    <ClCompile Include="EnemyBase.cpp">
      <Filter>Agent Modules</Filter>
    </ClCompile>
    <ClCompile Include="AutonomousAgent.cpp">
      <Filter>Agent Modules</Filter>
    </ClCompile>
    <ClCompile Include="ResourceManager.cpp">
      <Filter>Managers</Filter>
    </ClCompile>
    <ClCompile Include="GameState.cpp">
      <Filter>State Machines</Filter>
    </ClCompile>
    <ClCompile Include="Player.cpp">
      <Filter>Player</Filter>
    </ClCompile>
    <ClCompile Include="LineRenderer.cpp">
      <Filter>Engine Modules\Renderer</Filter>
    </ClCompile>
    <ClCompile Include="CollisionChecker.cpp">
      <Filter>Engine Modules\Physics</Filter>
    </ClCompile>
    <ClCompile Include="CollisionManager.cpp">
      <Filter>Managers</Filter>
    </ClCompile>
    <ClCompile Include="Scene.cpp">
      <Filter>Scene</Filter>
    </ClCompile>
    <ClCompile Include="SceneManager.cpp">
      <Filter>Managers</Filter>
    </ClCompile>
  </ItemGroup>
  <ItemGroup>
    <ClInclude Include="GlobalApplication.h">
      <Filter>Globals</Filter>
    </ClInclude>
    <ClInclude Include="GlobalDirectX.h">
      <Filter>Globals</Filter>
    </ClInclude>
    <ClInclude Include="GlobalGame.h">
      <Filter>Globals</Filter>
    </ClInclude>
    <ClInclude Include="GlobalGeometry.h">
      <Filter>Globals</Filter>
    </ClInclude>
    <ClInclude Include="GlobalInput.h">
      <Filter>Globals</Filter>
    </ClInclude>
    <ClInclude Include="GlobalStructures.h">
      <Filter>Globals</Filter>
    </ClInclude>
    <ClInclude Include="GlobalTypedefs.h">
      <Filter>Globals</Filter>
    </ClInclude>
    <ClInclude Include="Triangle.h">
      <Filter>Shapes</Filter>
    </ClInclude>
    <ClInclude Include="Sphere.h">
      <Filter>Shapes</Filter>
    </ClInclude>
    <ClInclude Include="Quad.h">
      <Filter>Shapes</Filter>
    </ClInclude>
    <ClInclude Include="Grid.h">
      <Filter>Shapes</Filter>
    </ClInclude>
    <ClInclude Include="Cube.h">
      <Filter>Shapes</Filter>
    </ClInclude>
    <ClInclude Include="Circle.h">
      <Filter>Shapes</Filter>
    </ClInclude>
    <ClInclude Include="PhysicsMain.h">
      <Filter>Engine Modules\Physics</Filter>
    </ClInclude>
    <ClInclude Include="Pyramid.h">
      <Filter>Shapes</Filter>
    </ClInclude>
    <ClInclude Include="CollidableObject.h">
      <Filter>Object Modules</Filter>
    </ClInclude>
    <ClInclude Include="ObjectTransform.h">
      <Filter>Object Modules</Filter>
    </ClInclude>
    <ClInclude Include="RenderableObject.h">
      <Filter>Object Modules</Filter>
    </ClInclude>
    <ClInclude Include="WorldObject.h">
      <Filter>Object Modules</Filter>
    </ClInclude>
    <ClInclude Include="Agent.h">
      <Filter>Agent Modules</Filter>
    </ClInclude>
    <ClInclude Include="AutonomousAgent.h">
      <Filter>Agent Modules</Filter>
    </ClInclude>
    <ClInclude Include="EnemyBase.h">
      <Filter>Agent Modules</Filter>
    </ClInclude>
    <ClInclude Include="GameManager.h">
      <Filter>Managers</Filter>
    </ClInclude>
    <ClInclude Include="InputManager.h">
      <Filter>Managers</Filter>
    </ClInclude>
    <ClInclude Include="Camera.h">
      <Filter>Camera</Filter>
    </ClInclude>
    <ClInclude Include="Audio.h">
      <Filter>Engine Modules\Audio</Filter>
    </ClInclude>
    <ClInclude Include="Renderer.h">
      <Filter>Engine Modules\Renderer</Filter>
    </ClInclude>
    <ClInclude Include="ResourceManager.h">
      <Filter>Managers</Filter>
    </ClInclude>
    <ClInclude Include="GameState.h">
      <Filter>State Machines</Filter>
    </ClInclude>
    <ClInclude Include="Pool.h">
      <Filter>Templates</Filter>
    </ClInclude>
    <ClInclude Include="Player.h">
      <Filter>Player</Filter>
    </ClInclude>
    <ClInclude Include="LineRenderer.h">
      <Filter>Engine Modules\Renderer</Filter>
    </ClInclude>
    <ClInclude Include="CollisionChecker.h">
      <Filter>Engine Modules\Physics</Filter>
    </ClInclude>
    <ClInclude Include="GlobalTools.h">
      <Filter>Globals</Filter>
    </ClInclude>
    <ClInclude Include="CollisionManager.h">
      <Filter>Managers</Filter>
    </ClInclude>
    <ClInclude Include="Scene.h">
      <Filter>Scene</Filter>
    </ClInclude>
    <ClInclude Include="SceneManager.h">
      <Filter>Managers</Filter>
    </ClInclude>
    <ClInclude Include="Mesh.h" />
  </ItemGroup>
  <ItemGroup>
    <FxCompile Include="BasicVertexShader.hlsl">
      <Filter>Shaders</Filter>
    </FxCompile>
    <FxCompile Include="BasicPixelShader.hlsl">
      <Filter>Shaders</Filter>
    </FxCompile>
  </ItemGroup>
</Project>